
Microsoft Visual Studio Solution File, Format Version 12.00
# Visual Studio Version 17
VisualStudioVersion = 17.14.36518.9 d17.14
MinimumVisualStudioVersion = 10.0.40219.1
Project("{FAE04EC0-301F-11D3-BF4B-00C04F79EFBC}") = "StudentEnrollment", "StudentEnrollment.csproj", "{400B29B9-1FB7-0093-1780-0A1654B88778}"
EndProject
Global
	GlobalSection(SolutionConfigurationPlatforms) = preSolution
		Debug|Any CPU = Debug|Any CPU
		Release|Any CPU = Release|Any CPU
	EndGlobalSection
	GlobalSection(ProjectConfigurationPlatforms) = postSolution
		{400B29B9-1FB7-0093-1780-0A1654B88778}.Debug|Any CPU.ActiveCfg = Debug|Any CPU
		{400B29B9-1FB7-0093-1780-0A1654B88778}.Debug|Any CPU.Build.0 = Debug|Any CPU
		{400B29B9-1FB7-0093-1780-0A1654B88778}.Release|Any CPU.ActiveCfg = Release|Any CPU
		{400B29B9-1FB7-0093-1780-0A1654B88778}.Release|Any CPU.Build.0 = Release|Any CPU
	EndGlobalSection
	GlobalSection(SolutionProperties) = preSolution
		HideSolutionNode = FALSE
	EndGlobalSection
	GlobalSection(ExtensibilityGlobals) = postSolution
		SolutionGuid = {C18683A9-B178-46D7-983C-1A495C7819AF}
	EndGlobalSection
EndGlobal
